{
  "name": "hexo-site",
  "version": "0.0.0",
  "lockfileVersion": 1,
  "requires": true,
  "dependencies": {
    "hexo-theme-fluid": {
      "version": "1.9.2",
      "resolved": "https://registry.npmjs.org/hexo-theme-fluid/-/hexo-theme-fluid-1.9.2.tgz",
      "integrity": "sha512-utrmweqHYy0SA2dEd6bJuq0cJ1BiNA9xHl/NG9CmwLE2XYhaxktIsbodgBFx9M27I5jdiqlnOTr5Iav61Vi5Zg=="
    }
  }
}
